
Microsoft Visual Studio Solution File, Format Version 12.00
# Visual Studio Version 16
VisualStudioVersion = 16.0.29519.181
MinimumVisualStudioVersion = 10.0.40219.1
Project("{FAE04EC0-301F-11D3-BF4B-00C04F79EFBC}") = "Loomer", "Loomer\Loomer.csproj", "{105C8C01-7FB2-4AAB-B951-E0814970655C}"
EndProject
Project("{FAE04EC0-301F-11D3-BF4B-00C04F79EFBC}") = "Testing", "Testing\Testing.csproj", "{6F3B3F39-C920-412B-B5B7-5723EE59D6C5}"
EndProject
Global
	GlobalSection(SolutionConfigurationPlatforms) = preSolution
		Debug|Any CPU = Debug|Any CPU
		Release|Any CPU = Release|Any CPU
	EndGlobalSection
	GlobalSection(ProjectConfigurationPlatforms) = postSolution
		{105C8C01-7FB2-4AAB-B951-E0814970655C}.Debug|Any CPU.ActiveCfg = Debug|Any CPU
		{105C8C01-7FB2-4AAB-B951-E0814970655C}.Debug|Any CPU.Build.0 = Debug|Any CPU
		{105C8C01-7FB2-4AAB-B951-E0814970655C}.Release|Any CPU.ActiveCfg = Release|Any CPU
		{105C8C01-7FB2-4AAB-B951-E0814970655C}.Release|Any CPU.Build.0 = Release|Any CPU
		{6F3B3F39-C920-412B-B5B7-5723EE59D6C5}.Debug|Any CPU.ActiveCfg = Debug|Any CPU
		{6F3B3F39-C920-412B-B5B7-5723EE59D6C5}.Debug|Any CPU.Build.0 = Debug|Any CPU
		{6F3B3F39-C920-412B-B5B7-5723EE59D6C5}.Release|Any CPU.ActiveCfg = Release|Any CPU
		{6F3B3F39-C920-412B-B5B7-5723EE59D6C5}.Release|Any CPU.Build.0 = Release|Any CPU
	EndGlobalSection
	GlobalSection(SolutionProperties) = preSolution
		HideSolutionNode = FALSE
	EndGlobalSection
	GlobalSection(ExtensibilityGlobals) = postSolution
		SolutionGuid = {01037296-E312-4AAF-B09C-D6F259430DE7}
	EndGlobalSection
EndGlobal
